
Microsoft Visual Studio Solution File, Format Version 12.00
# Visual Studio 2012
Project("{8BC9CEB8-8B4A-11D0-8D11-00A0C91BC942}") = "CommandLogic", "CommandLogic\CommandLogic.vcxproj", "{8779E2EC-823A-4D71-902C-1DCD90C24DE8}"
EndProject
Project("{8BC9CEB8-8B4A-11D0-8D11-00A0C91BC942}") = "DataStorage", "DataStorage\DataStorage.vcxproj", "{695A039D-383A-4C08-B028-3062396BDE6B}"
EndProject
Project("{8BC9CEB8-8B4A-11D0-8D11-00A0C91BC942}") = "Parser", "Parser\Parser.vcxproj", "{EC998013-20F5-49C6-B4A6-7BED58920B7D}"
EndProject
Global
	GlobalSection(SolutionConfigurationPlatforms) = preSolution
		Debug|Win32 = Debug|Win32
		Release|Win32 = Release|Win32
	EndGlobalSection
	GlobalSection(ProjectConfigurationPlatforms) = postSolution
		{8779E2EC-823A-4D71-902C-1DCD90C24DE8}.Debug|Win32.ActiveCfg = Debug|Win32
		{8779E2EC-823A-4D71-902C-1DCD90C24DE8}.Debug|Win32.Build.0 = Debug|Win32
		{8779E2EC-823A-4D71-902C-1DCD90C24DE8}.Release|Win32.ActiveCfg = Release|Win32
		{8779E2EC-823A-4D71-902C-1DCD90C24DE8}.Release|Win32.Build.0 = Release|Win32
		{695A039D-383A-4C08-B028-3062396BDE6B}.Debug|Win32.ActiveCfg = Debug|Win32
		{695A039D-383A-4C08-B028-3062396BDE6B}.Debug|Win32.Build.0 = Debug|Win32
		{695A039D-383A-4C08-B028-3062396BDE6B}.Release|Win32.ActiveCfg = Release|Win32
		{695A039D-383A-4C08-B028-3062396BDE6B}.Release|Win32.Build.0 = Release|Win32
		{EC998013-20F5-49C6-B4A6-7BED58920B7D}.Debug|Win32.ActiveCfg = Debug|Win32
		{EC998013-20F5-49C6-B4A6-7BED58920B7D}.Debug|Win32.Build.0 = Debug|Win32
		{EC998013-20F5-49C6-B4A6-7BED58920B7D}.Release|Win32.ActiveCfg = Release|Win32
		{EC998013-20F5-49C6-B4A6-7BED58920B7D}.Release|Win32.Build.0 = Release|Win32
	EndGlobalSection
	GlobalSection(SolutionProperties) = preSolution
		HideSolutionNode = FALSE
	EndGlobalSection
EndGlobal
