<?xml version="1.0" encoding="utf-8"?>
<Project ToolsVersion="4.0" xmlns="http://schemas.microsoft.com/developer/msbuild/2003">
  <ItemGroup>
    <Filter Include="Source Files">
      <UniqueIdentifier>{4FC737F1-C7A5-4376-A066-2A32D752A2FF}</UniqueIdentifier>
      <Extensions>cpp;c;cc;cxx;def;odl;idl;hpj;bat;asm;asmx</Extensions>
    </Filter>
    <Filter Include="Header Files">
      <UniqueIdentifier>{93995380-89BD-4b04-88EB-625FBE52EBFB}</UniqueIdentifier>
      <Extensions>h;hh;hpp;hxx;hm;inl;inc;xsd</Extensions>
    </Filter>
    <Filter Include="Resource Files">
      <UniqueIdentifier>{67DA6AB6-F800-4c08-8B7A-83BB121AAD01}</UniqueIdentifier>
      <Extensions>rc;ico;cur;bmp;dlg;rc2;rct;bin;rgs;gif;jpg;jpeg;jpe;resx;tiff;tif;png;wav;mfcribbon-ms</Extensions>
    </Filter>
  </ItemGroup>
  <ItemGroup>
    <Text Include="ReadMe.txt" />
  </ItemGroup>
  <ItemGroup>
    <ClInclude Include="stdafx.h">
      <Filter>Header Files</Filter>
    </ClInclude>
    <ClInclude Include="targetver.h">
      <Filter>Header Files</Filter>
    </ClInclude>
    <ClInclude Include="CommandLogic.h">
      <Filter>Header Files</Filter>
    </ClInclude>
    <ClInclude Include="Search.h">
      <Filter>Header Files</Filter>
    </ClInclude>
    <ClInclude Include="AddItem.h">
      <Filter>Header Files</Filter>
    </ClInclude>
    <ClInclude Include="DeleteItem.h">
      <Filter>Header Files</Filter>
    </ClInclude>
    <ClInclude Include="EditItem.h">
      <Filter>Header Files</Filter>
    </ClInclude>
    <ClInclude Include="MarkItemDone.h">
      <Filter>Header Files</Filter>
    </ClInclude>
    <ClInclude Include="GoToCalendarView.h">
      <Filter>Header Files</Filter>
    </ClInclude>
    <ClInclude Include="GoToListView.h">
      <Filter>Header Files</Filter>
    </ClInclude>
    <ClInclude Include="Undo.h">
      <Filter>Header Files</Filter>
    </ClInclude>
    <ClInclude Include="Redo.h">
      <Filter>Header Files</Filter>
    </ClInclude>
    <ClInclude Include="ShowOverdueTasks.h">
      <Filter>Header Files</Filter>
    </ClInclude>
    <ClInclude Include="ClearAllOverdueTasks.h">
      <Filter>Header Files</Filter>
    </ClInclude>
  </ItemGroup>
  <ItemGroup>
    <ClCompile Include="stdafx.cpp">
      <Filter>Source Files</Filter>
    </ClCompile>
    <ClCompile Include="CommandLogic.cpp">
      <Filter>Source Files</Filter>
    </ClCompile>
    <ClCompile Include="Search.cpp">
      <Filter>Source Files</Filter>
    </ClCompile>
    <ClCompile Include="AddItem.cpp">
      <Filter>Source Files</Filter>
    </ClCompile>
    <ClCompile Include="DeleteItem.cpp">
      <Filter>Source Files</Filter>
    </ClCompile>
    <ClCompile Include="EditItem.cpp">
      <Filter>Source Files</Filter>
    </ClCompile>
    <ClCompile Include="MarkItemDone.cpp">
      <Filter>Source Files</Filter>
    </ClCompile>
    <ClCompile Include="GoToCalendarView.cpp">
      <Filter>Source Files</Filter>
    </ClCompile>
    <ClCompile Include="GoToListView.cpp">
      <Filter>Source Files</Filter>
    </ClCompile>
    <ClCompile Include="Undo.cpp">
      <Filter>Source Files</Filter>
    </ClCompile>
    <ClCompile Include="Redo.cpp">
      <Filter>Source Files</Filter>
    </ClCompile>
    <ClCompile Include="ShowOverdueTasks.cpp">
      <Filter>Source Files</Filter>
    </ClCompile>
    <ClCompile Include="ClearAllOverdueTasks.cpp">
      <Filter>Source Files</Filter>
    </ClCompile>
  </ItemGroup>
</Project>